{
  "requires": true,
  "lockfileVersion": 1,
  "dependencies": {
    "@polymer/iron-flex-layout": {
      "version": "3.0.1",
      "resolved": "https://registry.npmjs.org/@polymer/iron-flex-layout/-/iron-flex-layout-3.0.1.tgz",
      "integrity": "sha512-7gB869czArF+HZcPTVSgvA7tXYFze9EKckvM95NB7SqYF+NnsQyhoXgKnpFwGyo95lUjUW9TFDLUwDXnCYFtkw==",
      "requires": {
        "@polymer/polymer": "^3.0.0"
      }
    },
    "@polymer/iron-icon": {
      "version": "3.0.1",
      "resolved": "https://registry.npmjs.org/@polymer/iron-icon/-/iron-icon-3.0.1.tgz",
      "integrity": "sha512-QLPwirk+UPZNaLnMew9VludXA4CWUCenRewgEcGYwdzVgDPCDbXxy6vRJjmweZobMQv/oVLppT2JZtJFnPxX6g==",
      "requires": {
        "@polymer/iron-flex-layout": "^3.0.0-pre.26",
        "@polymer/iron-meta": "^3.0.0-pre.26",
        "@polymer/polymer": "^3.0.0"
      }
    },
    "@polymer/iron-iconset-svg": {
      "version": "3.0.1",
      "resolved": "https://registry.npmjs.org/@polymer/iron-iconset-svg/-/iron-iconset-svg-3.0.1.tgz",
      "integrity": "sha512-XNwURbNHRw6u2fJe05O5fMYye6GSgDlDqCO+q6K1zAnKIrpgZwf2vTkBd5uCcZwsN0FyCB3mvNZx4jkh85dRDw==",
      "requires": {
        "@polymer/iron-meta": "^3.0.0-pre.26",
        "@polymer/polymer": "^3.0.0"
      }
    },
    "@polymer/iron-meta": {
      "version": "3.0.1",
      "resolved": "https://registry.npmjs.org/@polymer/iron-meta/-/iron-meta-3.0.1.tgz",
      "integrity": "sha512-pWguPugiLYmWFV9UWxLWzZ6gm4wBwQdDy4VULKwdHCqR7OP7u98h+XDdGZsSlDPv6qoryV/e3tGHlTIT0mbzJA==",
      "requires": {
        "@polymer/polymer": "^3.0.0"
      }
    },
    "@polymer/polymer": {
      "version": "3.3.1",
      "resolved": "https://registry.npmjs.org/@polymer/polymer/-/polymer-3.3.1.tgz",
      "integrity": "sha512-8KaB48tzyMjdsHdxo5KvCAaqmTe7rYDzQAoj/pyEfq9Fp4YfUaS+/xqwYj0GbiDAUNzwkmEQ7dw9cgnRNdKO8A==",
      "requires": {
        "@webcomponents/shadycss": "^1.9.1"
      }
    },
    "@vaadin/active-state-mixin": {
      "version": "0.1.6",
      "resolved": "https://registry.npmjs.org/@vaadin/active-state-mixin/-/active-state-mixin-0.1.6.tgz",
      "integrity": "sha512-PmMWbLwqJ0tScSoMjUHAJFRI+MeTEhbo1WSDVuznUA7Q2ZBIqXcyoYGe5K8UElmHEpDiSj3j5tGKunvHChLskQ==",
      "requires": {
        "@vaadin/disabled-state-mixin": "^0.1.1",
        "@vaadin/keyboard-mixin": "^0.1.1",
        "@vaadin/mixin-utils": "^0.1.0",
        "lit-element": "^2.0.0",
        "lit-html": "^1.0.0"
      }
    },
    "@vaadin/browser-utils": {
      "version": "0.1.0",
      "resolved": "https://registry.npmjs.org/@vaadin/browser-utils/-/browser-utils-0.1.0.tgz",
      "integrity": "sha512-uM91zhjaSxekwtvPM3krDShwFCQasDu9VcRFjrU0LUghOVRSv9oveJt7gY+Duc9XZGOczYIn0aXms4Loa9U5qg=="
    },
    "@vaadin/checked-state-mixin": {
      "version": "0.1.1",
      "resolved": "https://registry.npmjs.org/@vaadin/checked-state-mixin/-/checked-state-mixin-0.1.1.tgz",
      "integrity": "sha512-x7UDqozpi2v8WObqx97ox+xQa7+7c/kz7QnJXsDS3kN3QfBfM2x0XIp8n1+dtp2NYxjjTeKgWASNILCu5UBoGg==",
      "requires": {
        "@vaadin/mixin-utils": "^0.1.0",
        "lit-element": "^2.0.0",
        "lit-html": "^1.0.0"
      }
    },
    "@vaadin/control-state-mixin": {
      "version": "0.1.6",
      "resolved": "https://registry.npmjs.org/@vaadin/control-state-mixin/-/control-state-mixin-0.1.6.tgz",
      "integrity": "sha512-udLV4gUVVQmP0xAdGmARue7Uj93saV8GBWNhvGp0WeVK+JrZ2bqtIOGBohfKao7jlJ63R2KD7O8xIqFISrtMRQ==",
      "requires": {
        "@vaadin/disabled-state-mixin": "^0.1.1",
        "@vaadin/focus-visible-mixin": "^0.1.4",
        "@vaadin/keyboard-mixin": "^0.1.1",
        "@vaadin/mixin-utils": "^0.1.0",
        "lit-element": "^2.0.0",
        "lit-html": "^1.0.0"
      }
    },
    "@vaadin/direction-mixin": {
      "version": "0.1.1",
      "resolved": "https://registry.npmjs.org/@vaadin/direction-mixin/-/direction-mixin-0.1.1.tgz",
      "integrity": "sha512-1xc6jQPHOrF4akQDlSp5JJGSa4ydW+eyJ5WfKxq8Drq7PT2lFqMPaQid6fJMWW/KqmE7N4BBdbYH+ZPPAQjkCQ==",
      "requires": {
        "@vaadin/mixin-utils": "^0.1.0",
        "lit-element": "^2.0.0",
        "lit-html": "^1.0.0"
      }
    },
    "@vaadin/disabled-state-mixin": {
      "version": "0.1.1",
      "resolved": "https://registry.npmjs.org/@vaadin/disabled-state-mixin/-/disabled-state-mixin-0.1.1.tgz",
      "integrity": "sha512-2ys192qVRAff1jw5quLXmdLWldWHk7z1YlVPnTRwSGHr0yBs0j4f+n5PZKyyNB6KURxPUjRAuCZQS9bdd739gg==",
      "requires": {
        "@vaadin/mixin-utils": "^0.1.0",
        "lit-element": "^2.0.0",
        "lit-html": "^1.0.0"
      }
    },
    "@vaadin/element-base": {
      "version": "0.3.0",
      "resolved": "https://registry.npmjs.org/@vaadin/element-base/-/element-base-0.3.0.tgz",
      "integrity": "sha512-npVQkYImJGTyobI+yXUmkVWpgfF5oWttPXa+lo33be0oY4uVXhMSUY2DJdmJyHDkvaIiwN6zEMhGr/sRrL3l2w==",
      "requires": {
        "@polymer/polymer": "^3.3.0",
        "@vaadin/themable-element": "^0.2.0",
        "@vaadin/vaadin-element-mixin": "^2.3.0",
        "lit-element": "^2.0.0"
      }
    },
    "@vaadin/focus-visible-mixin": {
      "version": "0.1.4",
      "resolved": "https://registry.npmjs.org/@vaadin/focus-visible-mixin/-/focus-visible-mixin-0.1.4.tgz",
      "integrity": "sha512-eRUqUMYqQDNAT8TF6III60ieJ0O3ENn+Sl8Wust0six9ihua3cpkgxwTDY0tf8hkOOR+tyn1pndbHMnxurVpjA==",
      "requires": {
        "@vaadin/mixin-utils": "^0.1.0",
        "lit-element": "^2.0.0",
        "lit-html": "^1.0.0"
      }
    },
    "@vaadin/keyboard-direction-mixin": {
      "version": "0.1.6",
      "resolved": "https://registry.npmjs.org/@vaadin/keyboard-direction-mixin/-/keyboard-direction-mixin-0.1.6.tgz",
      "integrity": "sha512-m5LViZJv9E1maSsytnoSjuhWJITOea9H31V598acp21mZQFdJXOUWziq7fICzj3vrWICS8MbLa2o98jC9MtBnw==",
      "requires": {
        "@vaadin/direction-mixin": "^0.1.1",
        "@vaadin/keyboard-mixin": "^0.1.1",
        "@vaadin/mixin-utils": "^0.1.0",
        "@vaadin/slotted-items-mixin": "^0.1.5",
        "lit-element": "^2.0.0",
        "lit-html": "^1.0.0"
      }
    },
    "@vaadin/keyboard-mixin": {
      "version": "0.1.1",
      "resolved": "https://registry.npmjs.org/@vaadin/keyboard-mixin/-/keyboard-mixin-0.1.1.tgz",
      "integrity": "sha512-8CIE/i6Hde/eJS1kMQadAiKWr2ICzYIeSLNXXYQjqlKZmBl+R60Zm6mnwTvYVy/Tfd+q0dNyomvtgjncVKnbuA==",
      "requires": {
        "@vaadin/mixin-utils": "^0.1.0",
        "lit-element": "^2.0.0",
        "lit-html": "^1.0.0"
      }
    },
    "@vaadin/media-query-mixin": {
      "version": "0.1.3",
      "resolved": "https://registry.npmjs.org/@vaadin/media-query-mixin/-/media-query-mixin-0.1.3.tgz",
      "integrity": "sha512-O+kgcJQ8O79Qkf+p8mRDwso3sEI9er14WAgmridDXUafWx+Wg+lOZHv2L6BJd+Tp918FxUqU9NfKFQlurq54SA==",
      "requires": {
        "@vaadin/mixin-utils": "^0.1.0",
        "lit-element": "^2.0.0",
        "lit-html": "^1.0.0"
      }
    },
    "@vaadin/mixin-utils": {
      "version": "0.1.0",
      "resolved": "https://registry.npmjs.org/@vaadin/mixin-utils/-/mixin-utils-0.1.0.tgz",
      "integrity": "sha512-VutGmWCgyUc34OWnd953leze+Ve7N9MI/tT+SiVc4yWHgvnoC1qa/xJAKz2gaiCWUYB2PJFcfo+a2CzwcfXblQ==",
      "requires": {
        "lit-element": "^2.0.0",
        "lit-html": "^1.0.0"
      }
    },
    "@vaadin/orientation-mixin": {
      "version": "0.1.2",
      "resolved": "https://registry.npmjs.org/@vaadin/orientation-mixin/-/orientation-mixin-0.1.2.tgz",
      "integrity": "sha512-x2pcc+utK9XWL0QeZJaXUUiArbHal51wUdE/jYq6d6VEG3Rneb7jbEjS4yr85CCVK2Cg3oADhk9Nq22mKv6MRw==",
      "requires": {
        "@vaadin/direction-mixin": "^0.1.1",
        "@vaadin/mixin-utils": "^0.1.0",
        "lit-element": "^2.0.0",
        "lit-html": "^1.0.0"
      }
    },
    "@vaadin/resizable-mixin": {
      "version": "0.1.1",
      "resolved": "https://registry.npmjs.org/@vaadin/resizable-mixin/-/resizable-mixin-0.1.1.tgz",
      "integrity": "sha512-vgCBnX3IXgaeXJIxhoOpUXdbxipvq0A8e6Ox34vmW9YTwdkj5oekA0rP24ukCN2sgeOtmTXpadGXgtPlvcV9Iw==",
      "requires": {
        "@vaadin/mixin-utils": "^0.1.0",
        "lit-element": "^2.0.0",
        "lit-html": "^1.0.0",
        "resize-observer-polyfill": "^1.5.1"
      }
    },
    "@vaadin/roving-tabindex-mixin": {
      "version": "0.1.7",
      "resolved": "https://registry.npmjs.org/@vaadin/roving-tabindex-mixin/-/roving-tabindex-mixin-0.1.7.tgz",
      "integrity": "sha512-52ZzD5phVVN6uill0uXZdu5IPOKP8jrEjsCtsYi016Xi9PU2EIIkMIGpYOfR9jDMwEyr+zfL2kAmAbSaSJqI3Q==",
      "requires": {
        "@vaadin/keyboard-direction-mixin": "^0.1.6",
        "@vaadin/mixin-utils": "^0.1.0",
        "@vaadin/slotted-items-mixin": "^0.1.5",
        "lit-element": "^2.0.0",
        "lit-html": "^1.0.0"
      }
    },
    "@vaadin/selected-state-mixin": {
      "version": "0.1.2",
      "resolved": "https://registry.npmjs.org/@vaadin/selected-state-mixin/-/selected-state-mixin-0.1.2.tgz",
      "integrity": "sha512-IX44RWQzV0qOCdidnBNyEsVpYvXhLkQ9I2nCrUB20kDiIJSteM3XloUv4yR0/ads6I+8a35XUUG7hu/ptZ0Buw==",
      "requires": {
        "@vaadin/disabled-state-mixin": "^0.1.1",
        "@vaadin/mixin-utils": "^0.1.0",
        "lit-element": "^2.0.0",
        "lit-html": "^1.0.0"
      }
    },
    "@vaadin/selection-in-view-mixin": {
      "version": "0.1.9",
      "resolved": "https://registry.npmjs.org/@vaadin/selection-in-view-mixin/-/selection-in-view-mixin-0.1.9.tgz",
      "integrity": "sha512-xycFqXYmojRFmIEaHv0m4yYbs7siMPHl/5b9QEnqoRnLqfkCYieBQ3bik9hmMhY4US+kuob0ucu6RgX+wsTNug==",
      "requires": {
        "@vaadin/direction-mixin": "^0.1.1",
        "@vaadin/keyboard-direction-mixin": "^0.1.6",
        "@vaadin/mixin-utils": "^0.1.0",
        "@vaadin/single-selection-mixin": "^0.1.6",
        "@vaadin/slotted-items-mixin": "^0.1.5",
        "lit-element": "^2.0.0",
        "lit-html": "^1.0.0"
      }
    },
    "@vaadin/single-selection-mixin": {
      "version": "0.1.6",
      "resolved": "https://registry.npmjs.org/@vaadin/single-selection-mixin/-/single-selection-mixin-0.1.6.tgz",
      "integrity": "sha512-BPBGliUOvOgBnk8dUGyezsPNnegkSPmlkcKgvpGz+QkhONTz7fLzwZuwJgm4xNTVWlkzG9EoM/+I1jkhsmZC3Q==",
      "requires": {
        "@vaadin/disabled-state-mixin": "^0.1.1",
        "@vaadin/mixin-utils": "^0.1.0",
        "@vaadin/selected-state-mixin": "^0.1.2",
        "@vaadin/slotted-items-mixin": "^0.1.5",
        "lit-element": "^2.0.0",
        "lit-html": "^1.0.0"
      }
    },
    "@vaadin/slotted-items-mixin": {
      "version": "0.1.5",
      "resolved": "https://registry.npmjs.org/@vaadin/slotted-items-mixin/-/slotted-items-mixin-0.1.5.tgz",
      "integrity": "sha512-nLdpDCEkXbzYSehA2NzMBUuupzxZm7ydrSFWAQ7LoHScqvhINHtqKguieFIBBtv0D1ZHA05pIKpHPceSlcbP+Q==",
      "requires": {
        "@vaadin/mixin-utils": "^0.1.0",
        "lit-element": "^2.0.0",
        "lit-html": "^1.0.0"
      }
    },
    "@vaadin/slotted-label-mixin": {
      "version": "0.1.1",
      "resolved": "https://registry.npmjs.org/@vaadin/slotted-label-mixin/-/slotted-label-mixin-0.1.1.tgz",
      "integrity": "sha512-YIJ/ZVu8aaN/LXpHTLLoaXzHR+LPPr87OQnRjdB5dV3moAOOu59njNcUCIUiCUBoAhpHNVnjb/Ovazq++GA8Hg==",
      "requires": {
        "@vaadin/mixin-utils": "^0.1.0",
        "lit-element": "^2.0.0",
        "lit-html": "^1.0.0"
      }
    },
    "@vaadin/themable-element": {
      "version": "0.2.0",
      "resolved": "https://registry.npmjs.org/@vaadin/themable-element/-/themable-element-0.2.0.tgz",
      "integrity": "sha512-CX9j1yLjNzwcpPDcF8B1SgseyaeHJDJ9ILT+13SNQ39IWQLOQa9ifcBIRY6UW91jYkVC5es4HkATZDMNnwgiSw==",
      "requires": {
        "@polymer/polymer": "^3.3.0",
        "@vaadin/vaadin-themable-mixin": "^1.5.2",
        "lit-element": "^2.3.0",
        "lit-html": "^1.0.0"
      }
    },
    "@vaadin/vaadin-accordion": {
      "version": "2.0.0-alpha4",
      "resolved": "https://registry.npmjs.org/@vaadin/vaadin-accordion/-/vaadin-accordion-2.0.0-alpha4.tgz",
      "integrity": "sha512-ZII5iuVQkV56XwCQLwl8Je9vfE55KnhlWc82Tp0U4kTAcCO8JxAb/rh7NOnM0dDLLTBEzEeYbWUpmk6fet0FvA==",
      "requires": {
        "@vaadin/element-base": "^0.3.0",
        "@vaadin/keyboard-direction-mixin": "^0.1.6",
        "@vaadin/keyboard-mixin": "^0.1.1",
        "@vaadin/mixin-utils": "^0.1.0",
        "@vaadin/slotted-items-mixin": "^0.1.5",
        "@vaadin/themable-element": "^0.2.0",
        "@vaadin/vaadin-details": "^2.0.0-alpha5",
        "@vaadin/vaadin-lumo-styles": "^1.6.0",
        "@vaadin/vaadin-material-styles": "^1.3.2",
        "@vaadin/vaadin-themable-mixin": "^1.5.2",
        "lit-element": "^2.3.0",
        "lit-html": "^1.0.0",
        "tslib": "^1.10.0"
      }
    },
    "@vaadin/vaadin-app-layout": {
      "version": "3.0.0-alpha2",
      "resolved": "https://registry.npmjs.org/@vaadin/vaadin-app-layout/-/vaadin-app-layout-3.0.0-alpha2.tgz",
      "integrity": "sha512-JQGHJt1hgjkFOAFhd8F6G6yb4biucxSaNWZxMFwfVOnrSyrwSVDCsjN1D40j919+Pa2bgiC/sgarl60EPkc3/A==",
      "requires": {
        "@vaadin/active-state-mixin": "^0.1.6",
        "@vaadin/browser-utils": "^0.1.0",
        "@vaadin/control-state-mixin": "^0.1.6",
        "@vaadin/disabled-state-mixin": "^0.1.1",
        "@vaadin/element-base": "^0.3.0",
        "@vaadin/focus-visible-mixin": "^0.1.4",
        "@vaadin/media-query-mixin": "^0.1.3",
        "@vaadin/mixin-utils": "^0.1.0",
        "@vaadin/resizable-mixin": "^0.1.1",
        "@vaadin/themable-element": "^0.2.0",
        "@vaadin/vaadin-lumo-styles": "^1.6.0",
        "@vaadin/vaadin-material-styles": "^1.3.2",
        "@vaadin/vaadin-themable-mixin": "^1.5.2",
        "lit-element": "^2.3.0",
        "lit-html": "^1.0.0",
        "tslib": "^1.10.0"
      }
    },
    "@vaadin/vaadin-details": {
      "version": "2.0.0-alpha5",
      "resolved": "https://registry.npmjs.org/@vaadin/vaadin-details/-/vaadin-details-2.0.0-alpha5.tgz",
      "integrity": "sha512-Aulq1qD4xJEj9PWOXQiB7wJ7uVeVCiZs6eOe6iAlkruigTEqBKzE09YGgQlf8m6zvSgmf0AnJ3tfTsM2gyLxTw==",
      "requires": {
        "@vaadin/control-state-mixin": "^0.1.6",
        "@vaadin/disabled-state-mixin": "^0.1.1",
        "@vaadin/element-base": "^0.3.0",
        "@vaadin/focus-visible-mixin": "^0.1.4",
        "@vaadin/mixin-utils": "^0.1.0",
        "@vaadin/themable-element": "^0.2.0",
        "@vaadin/vaadin-lumo-styles": "^1.6.0",
        "@vaadin/vaadin-material-styles": "^1.3.2",
        "@vaadin/vaadin-themable-mixin": "^1.5.2",
        "lit-element": "^2.3.0",
        "lit-html": "^1.0.0",
        "tslib": "^1.10.0"
      }
    },
    "@vaadin/vaadin-development-mode-detector": {
      "version": "2.0.4",
      "resolved": "https://registry.npmjs.org/@vaadin/vaadin-development-mode-detector/-/vaadin-development-mode-detector-2.0.4.tgz",
      "integrity": "sha512-S+PaFrZpK8uBIOnIHxjntTrgumd5ztuCnZww96ydGKXgo9whXfZsbMwDuD/102a/IuPUMyF+dh/n3PbWzJ6igA=="
    },
    "@vaadin/vaadin-element-mixin": {
      "version": "2.3.1",
      "resolved": "https://registry.npmjs.org/@vaadin/vaadin-element-mixin/-/vaadin-element-mixin-2.3.1.tgz",
      "integrity": "sha512-QZffCkAvwqU4wHZtwMduIyGKJTC1D3BEG6vgdMyMHlK8lwsnCs3f+eMUwEr7BGAFjxwYTUCBK+Pe8v6FV0NBWA==",
      "requires": {
        "@polymer/polymer": "^3.0.0",
        "@vaadin/vaadin-development-mode-detector": "^2.0.0",
        "@vaadin/vaadin-usage-statistics": "^2.1.0"
      }
    },
    "@vaadin/vaadin-lumo-styles": {
      "version": "1.6.0",
      "resolved": "https://registry.npmjs.org/@vaadin/vaadin-lumo-styles/-/vaadin-lumo-styles-1.6.0.tgz",
      "integrity": "sha512-MTJ2JssEVF3Go5b+zIe86Jw8nNtaN91wHmO2Ic1eI27PEJ5dRRGcLWX9CjTEx/8Zu9+3Fk4YeVP9ABWhiZZGUw==",
      "requires": {
        "@polymer/iron-icon": "^3.0.0",
        "@polymer/iron-iconset-svg": "^3.0.0",
        "@polymer/polymer": "^3.0.0"
      }
    },
    "@vaadin/vaadin-material-styles": {
      "version": "1.3.2",
      "resolved": "https://registry.npmjs.org/@vaadin/vaadin-material-styles/-/vaadin-material-styles-1.3.2.tgz",
      "integrity": "sha512-EFrvGScoxhLNrPnWtT2Ia77whjF2TD4jrcyeh1jv9joCA2n5SUba+4XJciVSGmopqqQato6lwRnZSvMLJX7cyw==",
      "requires": {
        "@polymer/polymer": "^3.0.0"
      }
    },
    "@vaadin/vaadin-progress-bar": {
      "version": "2.0.0-alpha1",
      "resolved": "https://registry.npmjs.org/@vaadin/vaadin-progress-bar/-/vaadin-progress-bar-2.0.0-alpha1.tgz",
      "integrity": "sha512-qxwGJNy8pmgdXdUqQVoaDGuh4PK/DRaqcd9jVsnSuGqxrY9tB+WQBAiFSNpv4x0K3pCXg7bSyYgWrnLNOdGLJw==",
      "requires": {
        "@vaadin/element-base": "^0.3.0",
        "@vaadin/mixin-utils": "^0.1.0",
        "@vaadin/themable-element": "^0.2.0",
        "@vaadin/vaadin-lumo-styles": "^1.6.0",
        "@vaadin/vaadin-material-styles": "^1.3.2",
        "@vaadin/vaadin-themable-mixin": "^1.5.2",
        "lit-element": "^2.3.0",
        "lit-html": "^1.0.0",
        "tslib": "^1.10.0"
      }
    },
    "@vaadin/vaadin-radio-button": {
      "version": "2.0.0-alpha1",
      "resolved": "https://registry.npmjs.org/@vaadin/vaadin-radio-button/-/vaadin-radio-button-2.0.0-alpha1.tgz",
      "integrity": "sha512-Dk4QUV/e/v92Fm0eejpHyI8qVzArg56LhKbax0l//ojwoUwxG7Jiy+VQ1iNeaA3MI98akxlNbRt9dmKFE9pYjA==",
      "requires": {
        "@vaadin/active-state-mixin": "^0.1.6",
        "@vaadin/checked-state-mixin": "^0.1.1",
        "@vaadin/control-state-mixin": "^0.1.6",
        "@vaadin/disabled-state-mixin": "^0.1.1",
        "@vaadin/element-base": "^0.3.0",
        "@vaadin/focus-visible-mixin": "^0.1.4",
        "@vaadin/keyboard-direction-mixin": "^0.1.6",
        "@vaadin/keyboard-mixin": "^0.1.1",
        "@vaadin/mixin-utils": "^0.1.0",
        "@vaadin/roving-tabindex-mixin": "^0.1.7",
        "@vaadin/slotted-items-mixin": "^0.1.5",
        "@vaadin/slotted-label-mixin": "^0.1.1",
        "@vaadin/themable-element": "^0.2.0",
        "@vaadin/vaadin-lumo-styles": "^1.6.0",
        "@vaadin/vaadin-material-styles": "^1.3.2",
        "@vaadin/vaadin-themable-mixin": "^1.5.2",
        "lit-element": "^2.3.0",
        "lit-html": "^1.0.0",
        "tslib": "^1.10.0"
      }
    },
    "@vaadin/vaadin-tabs": {
      "version": "4.0.0-alpha3",
      "resolved": "https://registry.npmjs.org/@vaadin/vaadin-tabs/-/vaadin-tabs-4.0.0-alpha3.tgz",
      "integrity": "sha512-OADYkRXmyIm8TJHJAWjBwbiKMdhS6RRJ+sDuroN4BIt1LTmP2ls5bb6jf6ti6ducRJHSe1T12anUof/ibO5Cyg==",
      "requires": {
        "@vaadin/active-state-mixin": "^0.1.6",
        "@vaadin/direction-mixin": "0.1.1",
        "@vaadin/disabled-state-mixin": "^0.1.1",
        "@vaadin/element-base": "^0.3.0",
        "@vaadin/focus-visible-mixin": "^0.1.4",
        "@vaadin/keyboard-direction-mixin": "^0.1.6",
        "@vaadin/mixin-utils": "^0.1.0",
        "@vaadin/orientation-mixin": "^0.1.2",
        "@vaadin/resizable-mixin": "^0.1.1",
        "@vaadin/roving-tabindex-mixin": "^0.1.7",
        "@vaadin/selected-state-mixin": "^0.1.2",
        "@vaadin/selection-in-view-mixin": "^0.1.9",
        "@vaadin/single-selection-mixin": "^0.1.6",
        "@vaadin/slotted-items-mixin": "^0.1.5",
        "@vaadin/themable-element": "^0.2.0",
        "@vaadin/vaadin-lumo-styles": "^1.6.0",
        "@vaadin/vaadin-material-styles": "^1.3.2",
        "@vaadin/vaadin-themable-mixin": "^1.5.2",
        "lit-element": "^2.3.0",
        "lit-html": "^1.0.0",
        "tslib": "^1.10.0"
      }
    },
    "@vaadin/vaadin-themable-mixin": {
      "version": "1.5.2",
      "resolved": "https://registry.npmjs.org/@vaadin/vaadin-themable-mixin/-/vaadin-themable-mixin-1.5.2.tgz",
      "integrity": "sha512-3EsVOhE5lo/nRyX27+nOyPNsV5TtKInTKirldUqucGZZtcyWT4ZxqAxswIz3bAolnb17UDb8eJKHOH6ERMLEhg==",
      "requires": {
        "@polymer/polymer": "^3.0.0",
        "lit-element": "^2.0.0"
      }
    },
    "@vaadin/vaadin-usage-statistics": {
      "version": "2.1.0",
      "resolved": "https://registry.npmjs.org/@vaadin/vaadin-usage-statistics/-/vaadin-usage-statistics-2.1.0.tgz",
      "integrity": "sha512-e81nbqY5zsaYhLJuOVkJkB/Um1pGK5POIqIlTNhUfjeoyGaJ63tiX8+D5n6F+GgVxUTLUarsKa6SKRcQel0AzA==",
      "requires": {
        "@vaadin/vaadin-development-mode-detector": "^2.0.0"
      }
    },
    "@webcomponents/shadycss": {
      "version": "1.9.6",
      "resolved": "https://registry.npmjs.org/@webcomponents/shadycss/-/shadycss-1.9.6.tgz",
      "integrity": "sha512-5fFjvP0jQJZoXK6YzYeYcIDGJ5oEsdjr1L9VaYLw5yxNd4aRz4srMpwCwldeNG0A6Hvr9igbG7fCsBeiiCXd7A=="
    },
    "lit-element": {
      "version": "2.3.0",
      "resolved": "https://registry.npmjs.org/lit-element/-/lit-element-2.3.0.tgz",
      "integrity": "sha512-t3ask/FPcNTIixniBjTrkCeNPWOxyEQxWkSNuSqBYARoyg7/EjNT8uNrbgUwKt0GALwN417GI9eHQY1BgXpLUA==",
      "requires": {
        "lit-html": "^1.1.1"
      }
    },
    "lit-html": {
      "version": "1.2.0",
      "resolved": "https://registry.npmjs.org/lit-html/-/lit-html-1.2.0.tgz",
      "integrity": "sha512-PC/oZsNhTiH4/JHIWMtAFePkKYbflmTi1ZHA/FRDKuw/HARINK/MNHWuHuQ8pXKXOIgBzdHZEDApm/7SGZQXgA=="
    },
    "resize-observer-polyfill": {
      "version": "1.5.1",
      "resolved": "https://registry.npmjs.org/resize-observer-polyfill/-/resize-observer-polyfill-1.5.1.tgz",
      "integrity": "sha512-LwZrotdHOo12nQuZlHEmtuXdqGoOD0OhaxopaNFxWzInpEgaLWoVuAMbTzixuosCx2nEG58ngzW3vxdWoxIgdg=="
    },
    "tslib": {
      "version": "1.11.1",
      "resolved": "https://registry.npmjs.org/tslib/-/tslib-1.11.1.tgz",
      "integrity": "sha512-aZW88SY8kQbU7gpV19lN24LtXh/yD4ZZg6qieAJDDg+YBsJcSmLGK9QpnUjAKVG/xefmvJGd1WUmfpT/g6AJGA=="
    }
  }
}
