{
  "requires": true,
  "lockfileVersion": 1,
  "dependencies": {
    "@polymer/iron-flex-layout": {
      "version": "3.0.1",
      "resolved": "https://registry.npmjs.org/@polymer/iron-flex-layout/-/iron-flex-layout-3.0.1.tgz",
      "integrity": "sha512-7gB869czArF+HZcPTVSgvA7tXYFze9EKckvM95NB7SqYF+NnsQyhoXgKnpFwGyo95lUjUW9TFDLUwDXnCYFtkw==",
      "requires": {
        "@polymer/polymer": "^3.0.0"
      }
    },
    "@polymer/iron-icon": {
      "version": "3.0.1",
      "resolved": "https://registry.npmjs.org/@polymer/iron-icon/-/iron-icon-3.0.1.tgz",
      "integrity": "sha512-QLPwirk+UPZNaLnMew9VludXA4CWUCenRewgEcGYwdzVgDPCDbXxy6vRJjmweZobMQv/oVLppT2JZtJFnPxX6g==",
      "requires": {
        "@polymer/iron-flex-layout": "^3.0.0-pre.26",
        "@polymer/iron-meta": "^3.0.0-pre.26",
        "@polymer/polymer": "^3.0.0"
      }
    },
    "@polymer/iron-iconset-svg": {
      "version": "3.0.1",
      "resolved": "https://registry.npmjs.org/@polymer/iron-iconset-svg/-/iron-iconset-svg-3.0.1.tgz",
      "integrity": "sha512-XNwURbNHRw6u2fJe05O5fMYye6GSgDlDqCO+q6K1zAnKIrpgZwf2vTkBd5uCcZwsN0FyCB3mvNZx4jkh85dRDw==",
      "requires": {
        "@polymer/iron-meta": "^3.0.0-pre.26",
        "@polymer/polymer": "^3.0.0"
      }
    },
    "@polymer/iron-meta": {
      "version": "3.0.1",
      "resolved": "https://registry.npmjs.org/@polymer/iron-meta/-/iron-meta-3.0.1.tgz",
      "integrity": "sha512-pWguPugiLYmWFV9UWxLWzZ6gm4wBwQdDy4VULKwdHCqR7OP7u98h+XDdGZsSlDPv6qoryV/e3tGHlTIT0mbzJA==",
      "requires": {
        "@polymer/polymer": "^3.0.0"
      }
    },
    "@polymer/polymer": {
      "version": "3.3.1",
      "resolved": "https://registry.npmjs.org/@polymer/polymer/-/polymer-3.3.1.tgz",
      "integrity": "sha512-8KaB48tzyMjdsHdxo5KvCAaqmTe7rYDzQAoj/pyEfq9Fp4YfUaS+/xqwYj0GbiDAUNzwkmEQ7dw9cgnRNdKO8A==",
      "requires": {
        "@webcomponents/shadycss": "^1.9.1"
      }
    },
    "@vaadin/active-state-mixin": {
      "version": "0.1.2",
      "resolved": "https://registry.npmjs.org/@vaadin/active-state-mixin/-/active-state-mixin-0.1.2.tgz",
      "integrity": "sha512-EnFU6LKelyknOkaakDskzP1sgbjM5Af2iJzTd8C3LlDD/j1bltnndfSLk1NFNRfwrfOr6SyIGthM3vksRKovzw==",
      "requires": {
        "@vaadin/disabled-state-mixin": "^0.1.0",
        "lit-element": "^2.0.0",
        "lit-html": "^1.0.0"
      }
    },
    "@vaadin/control-state-mixin": {
      "version": "0.1.4",
      "resolved": "https://registry.npmjs.org/@vaadin/control-state-mixin/-/control-state-mixin-0.1.4.tgz",
      "integrity": "sha512-vUf+wVykIVmrVWAaSR/Xoy8uAp4tk1OtZXHdnzCsh7kjHlaX4vH2QGZWQIBH9xDs6Hozz0jqA+RUmBTPmyq8ag==",
      "requires": {
        "@vaadin/disabled-state-mixin": "^0.1.0",
        "@vaadin/focus-visible-mixin": "^0.1.2",
        "lit-element": "^2.0.0",
        "lit-html": "^1.0.0"
      }
    },
    "@vaadin/direction-mixin": {
      "version": "0.1.0",
      "resolved": "https://registry.npmjs.org/@vaadin/direction-mixin/-/direction-mixin-0.1.0.tgz",
      "integrity": "sha512-hbOqFAgRJk6q2ixQddC9Y0yH9Sz4j/Ho7YNCRALpvG6gg3oQAYHwr9k2hFPM+ZIQ+eBMG8LmTNadYzpWI9x8Zg==",
      "requires": {
        "lit-element": "^2.0.0",
        "lit-html": "^1.0.0"
      }
    },
    "@vaadin/disabled-state-mixin": {
      "version": "0.1.0",
      "resolved": "https://registry.npmjs.org/@vaadin/disabled-state-mixin/-/disabled-state-mixin-0.1.0.tgz",
      "integrity": "sha512-IQIP2NckXzABEBHCD7BZINTAu/loRytxXdOv5g02M+6C/lG9qupNhm2qNcm3LyXLJwlW5t0Sh8s6PTqYhvVwHw==",
      "requires": {
        "lit-element": "^2.0.0",
        "lit-html": "^1.0.0"
      }
    },
    "@vaadin/element-base": {
      "version": "0.2.0",
      "resolved": "https://registry.npmjs.org/@vaadin/element-base/-/element-base-0.2.0.tgz",
      "integrity": "sha512-rPf7gktiiztOu85Ao8F03mYZ2ngffKqqrjrzwUOqsP6Xg4dGOMFKD1X1X6DIaTfoUC3z2om+ZrfBecfgjMzNVg==",
      "requires": {
        "@polymer/polymer": "^3.3.0",
        "@vaadin/themable-element": "^0.1.2",
        "@vaadin/vaadin-element-mixin": "^2.3.0",
        "lit-element": "^2.0.0"
      }
    },
    "@vaadin/focus-visible-mixin": {
      "version": "0.1.2",
      "resolved": "https://registry.npmjs.org/@vaadin/focus-visible-mixin/-/focus-visible-mixin-0.1.2.tgz",
      "integrity": "sha512-6LMBrW1lCaZ4JctvepP+2k4IyD5eGzgOE+hXJWfal+t2/wXqg86M0NcSUKVsHEPo5OzBY6Shh9ccvYhgluQVzQ==",
      "requires": {
        "lit-element": "^2.0.0",
        "lit-html": "^1.0.0"
      }
    },
    "@vaadin/keyboard-direction-mixin": {
      "version": "0.1.4",
      "resolved": "https://registry.npmjs.org/@vaadin/keyboard-direction-mixin/-/keyboard-direction-mixin-0.1.4.tgz",
      "integrity": "sha512-0ut3Qy943BKILeHPlvN8zjXS44YzlC0OxQQ2d+b2DUYln5yoxoaXWm+9wYGjMnT5ZZmIbvush2jmf2Uk2l9QkQ==",
      "requires": {
        "@vaadin/direction-mixin": "^0.1.0",
        "@vaadin/slotted-items-mixin": "^0.1.3",
        "lit-element": "^2.0.0",
        "lit-html": "^1.0.0"
      }
    },
    "@vaadin/orientation-mixin": {
      "version": "0.1.1",
      "resolved": "https://registry.npmjs.org/@vaadin/orientation-mixin/-/orientation-mixin-0.1.1.tgz",
      "integrity": "sha512-4b0XvL/RHY3dfd/Tw0HZFkKZo3a2mErkA7Ift33LKQ86B3ff9nzWvnND8rE4OTKb2wJSMjhkag2A5BfU6uK8zw==",
      "requires": {
        "@vaadin/direction-mixin": "^0.1.0",
        "lit-element": "^2.0.0",
        "lit-html": "^1.0.0"
      }
    },
    "@vaadin/resizable-mixin": {
      "version": "0.1.0",
      "resolved": "https://registry.npmjs.org/@vaadin/resizable-mixin/-/resizable-mixin-0.1.0.tgz",
      "integrity": "sha512-uko8QpBX5OtsMqbAb6fMFnnt77bdXQjBQnqe4Vu1d++NZKx3fxes3kkMYijVYEsbeo6C+trazXShpZnIU1Yn2A==",
      "requires": {
        "lit-element": "^2.0.0",
        "lit-html": "^1.0.0",
        "resize-observer-polyfill": "^1.5.1"
      }
    },
    "@vaadin/roving-tabindex-mixin": {
      "version": "0.1.5",
      "resolved": "https://registry.npmjs.org/@vaadin/roving-tabindex-mixin/-/roving-tabindex-mixin-0.1.5.tgz",
      "integrity": "sha512-vB2ZnIzT4g2xa+16kCZKeaXm0dIIcirNG9TTJipNpFjHckdDpaQiGvn1VEKt675LFiZt0UcitcPn9udQtZUGcA==",
      "requires": {
        "@vaadin/keyboard-direction-mixin": "^0.1.4",
        "@vaadin/slotted-items-mixin": "^0.1.3",
        "lit-element": "^2.0.0",
        "lit-html": "^1.0.0"
      }
    },
    "@vaadin/selected-state-mixin": {
      "version": "0.1.1",
      "resolved": "https://registry.npmjs.org/@vaadin/selected-state-mixin/-/selected-state-mixin-0.1.1.tgz",
      "integrity": "sha512-YjTmzcEwe57t3nKr4hxXxd7BWjXMbMhjp7MeWTxuM85CtBGkpc70yTHhuu3wNvllAiUew4InW96jeSA2q5M1JQ==",
      "requires": {
        "@vaadin/disabled-state-mixin": "^0.1.0",
        "lit-element": "^2.0.0",
        "lit-html": "^1.0.0"
      }
    },
    "@vaadin/selection-in-view-mixin": {
      "version": "0.1.7",
      "resolved": "https://registry.npmjs.org/@vaadin/selection-in-view-mixin/-/selection-in-view-mixin-0.1.7.tgz",
      "integrity": "sha512-ZKTACpawXloKUpl+dlXsfIYGeJRkDQR6DUdyVYGMSoqwjm7DfJWy3eOYp4OytZTzrDhUGNP23olOUqnCvLBfKg==",
      "requires": {
        "@vaadin/direction-mixin": "^0.1.0",
        "@vaadin/keyboard-direction-mixin": "^0.1.4",
        "@vaadin/single-selection-mixin": "^0.1.4",
        "@vaadin/slotted-items-mixin": "^0.1.3",
        "lit-element": "^2.0.0",
        "lit-html": "^1.0.0"
      }
    },
    "@vaadin/single-selection-mixin": {
      "version": "0.1.4",
      "resolved": "https://registry.npmjs.org/@vaadin/single-selection-mixin/-/single-selection-mixin-0.1.4.tgz",
      "integrity": "sha512-PfRiQVn7UcsmGpTZUSZ4pztzGdmvlXSpJc0thUkuQCF1DatYr3g8zwWNWEn26CpUm1B3MN917TOLnkB58ERhzw==",
      "requires": {
        "@vaadin/disabled-state-mixin": "^0.1.0",
        "@vaadin/selected-state-mixin": "^0.1.1",
        "@vaadin/slotted-items-mixin": "^0.1.3",
        "lit-element": "^2.0.0",
        "lit-html": "^1.0.0"
      }
    },
    "@vaadin/slotted-items-mixin": {
      "version": "0.1.3",
      "resolved": "https://registry.npmjs.org/@vaadin/slotted-items-mixin/-/slotted-items-mixin-0.1.3.tgz",
      "integrity": "sha512-O+LSUkWso5o8vbcZviKs7H3AkVrBXQdl2BZJSo0jZc+TEckJzjj38lQrX25qXb5M10qlnqhjRgVJPmgEG72+fQ==",
      "requires": {
        "lit-element": "^2.0.0",
        "lit-html": "^1.0.0"
      }
    },
    "@vaadin/themable-element": {
      "version": "0.1.2",
      "resolved": "https://registry.npmjs.org/@vaadin/themable-element/-/themable-element-0.1.2.tgz",
      "integrity": "sha512-XCqhUmPfPOJszDiUUPu2HV768L5Jq+rxUayJ5yCTYmBrEF/ZTbziLVS/CLuYvo9Zgyd10CddKybOra0WVEK91w==",
      "requires": {
        "@polymer/polymer": "^3.3.0",
        "@vaadin/vaadin-themable-mixin": "^1.5.2",
        "lit-element": "^2.0.0",
        "lit-html": "^1.0.0"
      }
    },
    "@vaadin/vaadin-accordion": {
      "version": "2.0.0-alpha3",
      "resolved": "https://registry.npmjs.org/@vaadin/vaadin-accordion/-/vaadin-accordion-2.0.0-alpha3.tgz",
      "integrity": "sha512-sNqid4ruy4vL98iCd/DvysDngbWT0JGnMhe8Bpc347bVF/S/lETX3HBDkK+imaKFlCoJRhe3Z+W9anZEPdVxqg==",
      "requires": {
        "@vaadin/element-base": "^0.2.0",
        "@vaadin/keyboard-direction-mixin": "^0.1.4",
        "@vaadin/slotted-items-mixin": "^0.1.3",
        "@vaadin/themable-element": "^0.1.2",
        "@vaadin/vaadin-details": "^2.0.0-alpha4",
        "@vaadin/vaadin-lumo-styles": "^1.6.0",
        "@vaadin/vaadin-material-styles": "^1.3.2",
        "@vaadin/vaadin-themable-mixin": "^1.5.2",
        "lit-element": "^2.0.0",
        "lit-html": "^1.0.0",
        "tslib": "^1.10.0"
      }
    },
    "@vaadin/vaadin-details": {
      "version": "2.0.0-alpha4",
      "resolved": "https://registry.npmjs.org/@vaadin/vaadin-details/-/vaadin-details-2.0.0-alpha4.tgz",
      "integrity": "sha512-rIbko8PBY04KiADdFjEfYf8Zk+ZDQqJU055m1HOxHPxSEyyWKNPomRO3Rv2nhZOz4M3UwhkbuZ3n823RGydmEg==",
      "requires": {
        "@vaadin/control-state-mixin": "^0.1.4",
        "@vaadin/disabled-state-mixin": "^0.1.0",
        "@vaadin/element-base": "^0.2.0",
        "@vaadin/focus-visible-mixin": "^0.1.2",
        "@vaadin/themable-element": "^0.1.2",
        "@vaadin/vaadin-lumo-styles": "^1.6.0",
        "@vaadin/vaadin-material-styles": "^1.3.2",
        "@vaadin/vaadin-themable-mixin": "^1.5.2",
        "lit-element": "^2.0.0",
        "lit-html": "^1.0.0",
        "tslib": "^1.10.0"
      }
    },
    "@vaadin/vaadin-development-mode-detector": {
      "version": "2.0.4",
      "resolved": "https://registry.npmjs.org/@vaadin/vaadin-development-mode-detector/-/vaadin-development-mode-detector-2.0.4.tgz",
      "integrity": "sha512-S+PaFrZpK8uBIOnIHxjntTrgumd5ztuCnZww96ydGKXgo9whXfZsbMwDuD/102a/IuPUMyF+dh/n3PbWzJ6igA=="
    },
    "@vaadin/vaadin-element-mixin": {
      "version": "2.3.0",
      "resolved": "https://registry.npmjs.org/@vaadin/vaadin-element-mixin/-/vaadin-element-mixin-2.3.0.tgz",
      "integrity": "sha512-9gQb6Y3c/KlkJkITr+JncBZQ3iAjLpU/B6Ykeis+AHjPn6p+f4x3xsJ09IJKtb5YqD5wy9Zu7ANdM++97abQ2g==",
      "requires": {
        "@polymer/polymer": "^3.0.0",
        "@vaadin/vaadin-development-mode-detector": "^2.0.0",
        "@vaadin/vaadin-usage-statistics": "^2.1.0"
      }
    },
    "@vaadin/vaadin-lumo-styles": {
      "version": "1.6.0",
      "resolved": "https://registry.npmjs.org/@vaadin/vaadin-lumo-styles/-/vaadin-lumo-styles-1.6.0.tgz",
      "integrity": "sha512-MTJ2JssEVF3Go5b+zIe86Jw8nNtaN91wHmO2Ic1eI27PEJ5dRRGcLWX9CjTEx/8Zu9+3Fk4YeVP9ABWhiZZGUw==",
      "requires": {
        "@polymer/iron-icon": "^3.0.0",
        "@polymer/iron-iconset-svg": "^3.0.0",
        "@polymer/polymer": "^3.0.0"
      }
    },
    "@vaadin/vaadin-material-styles": {
      "version": "1.3.2",
      "resolved": "https://registry.npmjs.org/@vaadin/vaadin-material-styles/-/vaadin-material-styles-1.3.2.tgz",
      "integrity": "sha512-EFrvGScoxhLNrPnWtT2Ia77whjF2TD4jrcyeh1jv9joCA2n5SUba+4XJciVSGmopqqQato6lwRnZSvMLJX7cyw==",
      "requires": {
        "@polymer/polymer": "^3.0.0"
      }
    },
    "@vaadin/vaadin-tabs": {
      "version": "4.0.0-alpha2",
      "resolved": "https://registry.npmjs.org/@vaadin/vaadin-tabs/-/vaadin-tabs-4.0.0-alpha2.tgz",
      "integrity": "sha512-EfCuz4rrZafOnGvJSNjVd6Kn7eUunBkaE0ePYB9Ob3/PivuDonHRUb18viiFEocZP62xJ2lVyTxwS6E+AUPSzw==",
      "requires": {
        "@vaadin/active-state-mixin": "^0.1.2",
        "@vaadin/disabled-state-mixin": "^0.1.0",
        "@vaadin/element-base": "^0.2.0",
        "@vaadin/focus-visible-mixin": "^0.1.2",
        "@vaadin/keyboard-direction-mixin": "^0.1.4",
        "@vaadin/orientation-mixin": "^0.1.1",
        "@vaadin/resizable-mixin": "^0.1.0",
        "@vaadin/roving-tabindex-mixin": "^0.1.5",
        "@vaadin/selected-state-mixin": "^0.1.1",
        "@vaadin/selection-in-view-mixin": "^0.1.7",
        "@vaadin/single-selection-mixin": "^0.1.4",
        "@vaadin/slotted-items-mixin": "^0.1.3",
        "@vaadin/themable-element": "^0.1.2",
        "@vaadin/vaadin-lumo-styles": "^1.6.0",
        "@vaadin/vaadin-material-styles": "^1.3.2",
        "@vaadin/vaadin-themable-mixin": "^1.5.2",
        "lit-element": "^2.0.0",
        "lit-html": "^1.0.0",
        "tslib": "^1.10.0"
      }
    },
    "@vaadin/vaadin-themable-mixin": {
      "version": "1.5.2",
      "resolved": "https://registry.npmjs.org/@vaadin/vaadin-themable-mixin/-/vaadin-themable-mixin-1.5.2.tgz",
      "integrity": "sha512-3EsVOhE5lo/nRyX27+nOyPNsV5TtKInTKirldUqucGZZtcyWT4ZxqAxswIz3bAolnb17UDb8eJKHOH6ERMLEhg==",
      "requires": {
        "@polymer/polymer": "^3.0.0",
        "lit-element": "^2.0.0"
      }
    },
    "@vaadin/vaadin-usage-statistics": {
      "version": "2.1.0",
      "resolved": "https://registry.npmjs.org/@vaadin/vaadin-usage-statistics/-/vaadin-usage-statistics-2.1.0.tgz",
      "integrity": "sha512-e81nbqY5zsaYhLJuOVkJkB/Um1pGK5POIqIlTNhUfjeoyGaJ63tiX8+D5n6F+GgVxUTLUarsKa6SKRcQel0AzA==",
      "requires": {
        "@vaadin/vaadin-development-mode-detector": "^2.0.0"
      }
    },
    "@webcomponents/shadycss": {
      "version": "1.9.4",
      "resolved": "https://registry.npmjs.org/@webcomponents/shadycss/-/shadycss-1.9.4.tgz",
      "integrity": "sha512-tgNcVEaKssyeZPbUBjVQf4aryO5Fi7fxRvOxV982ZJuRVDcefmIblBh0SXAbcvAAlQ2zpNEP4SuQUnr8uApIpw=="
    },
    "lit-element": {
      "version": "2.2.1",
      "resolved": "https://registry.npmjs.org/lit-element/-/lit-element-2.2.1.tgz",
      "integrity": "sha512-ipDcgQ1EpW6Va2Z6dWm79jYdimVepO5GL0eYkZrFvdr0OD/1N260Q9DH+K5HXHFrRoC7dOg+ZpED2XE0TgGdXw==",
      "requires": {
        "lit-html": "^1.0.0"
      }
    },
    "lit-html": {
      "version": "1.1.2",
      "resolved": "https://registry.npmjs.org/lit-html/-/lit-html-1.1.2.tgz",
      "integrity": "sha512-FFlUMKHKi+qG1x1iHNZ1hrtc/zHmfYTyrSvs3/wBTvaNtpZjOZGWzU7efGYVpgp6KvWeKF6ql9/KsCq6Z/mEDA=="
    },
    "resize-observer-polyfill": {
      "version": "1.5.1",
      "resolved": "https://registry.npmjs.org/resize-observer-polyfill/-/resize-observer-polyfill-1.5.1.tgz",
      "integrity": "sha512-LwZrotdHOo12nQuZlHEmtuXdqGoOD0OhaxopaNFxWzInpEgaLWoVuAMbTzixuosCx2nEG58ngzW3vxdWoxIgdg=="
    },
    "tslib": {
      "version": "1.10.0",
      "resolved": "https://registry.npmjs.org/tslib/-/tslib-1.10.0.tgz",
      "integrity": "sha512-qOebF53frne81cf0S9B41ByenJ3/IuH8yJKngAX35CmiZySA0khhkovshKK+jGCaMnVomla7gVlIcc3EvKPbTQ=="
    }
  }
}
